
Microsoft Visual Studio Solution File, Format Version 12.00
# Visual Studio Version 16
VisualStudioVersion = 16.0.31424.327
MinimumVisualStudioVersion = 10.0.40219.1
Project("{FAE04EC0-301F-11D3-BF4B-00C04F79EFBC}") = "CurrenciesWinS", "CurrenciesWinS\CurrenciesWinS.csproj", "{E205881B-9E67-42BF-8DAF-B54956A8DBFF}"
EndProject
Project("{FAE04EC0-301F-11D3-BF4B-00C04F79EFBC}") = "CurrenciesWebS", "CurrenciesWebS\CurrenciesWebS.csproj", "{3AAF890C-D459-4C22-B814-8E3F9063FEED}"
EndProject
Project("{2150E333-8FDC-42A3-9474-1A3956D46DE8}") = "Solution Items", "Solution Items", "{2A810467-D02E-424E-BEDD-35146B3CDDB3}"
	ProjectSection(SolutionItems) = preProject
		ReadMe.txt = ReadMe.txt
	EndProjectSection
EndProject
Global
	GlobalSection(SolutionConfigurationPlatforms) = preSolution
		Debug|Any CPU = Debug|Any CPU
		Release|Any CPU = Release|Any CPU
		Description = Ofakim Test
	EndGlobalSection
	GlobalSection(ProjectConfigurationPlatforms) = postSolution
		{E205881B-9E67-42BF-8DAF-B54956A8DBFF}.Debug|Any CPU.ActiveCfg = Debug|Any CPU
		{E205881B-9E67-42BF-8DAF-B54956A8DBFF}.Debug|Any CPU.Build.0 = Debug|Any CPU
		{E205881B-9E67-42BF-8DAF-B54956A8DBFF}.Release|Any CPU.ActiveCfg = Release|Any CPU
		{E205881B-9E67-42BF-8DAF-B54956A8DBFF}.Release|Any CPU.Build.0 = Release|Any CPU
		{3AAF890C-D459-4C22-B814-8E3F9063FEED}.Debug|Any CPU.ActiveCfg = Debug|Any CPU
		{3AAF890C-D459-4C22-B814-8E3F9063FEED}.Debug|Any CPU.Build.0 = Debug|Any CPU
		{3AAF890C-D459-4C22-B814-8E3F9063FEED}.Release|Any CPU.ActiveCfg = Release|Any CPU
		{3AAF890C-D459-4C22-B814-8E3F9063FEED}.Release|Any CPU.Build.0 = Release|Any CPU
	EndGlobalSection
	GlobalSection(SolutionProperties) = preSolution
		HideSolutionNode = FALSE
	EndGlobalSection
	GlobalSection(ExtensibilityGlobals) = postSolution
		SolutionGuid = {546BB169-4AA6-4CD8-8263-E89785EAA7C3}
	EndGlobalSection
EndGlobal
